
Microsoft Visual Studio Solution File, Format Version 12.00
# Visual Studio Version 17
VisualStudioVersion = 17.3.32825.248
MinimumVisualStudioVersion = 10.0.40219.1
Project("{FAE04EC0-301F-11D3-BF4B-00C04F79EFBC}") = "RecruitXpress-BE", "RecruitXpress-BE\RecruitXpress-BE.csproj", "{5D0C47C3-CE86-42E5-AA1B-DA0DF062311F}"
EndProject
Global
	GlobalSection(SolutionConfigurationPlatforms) = preSolution
		Debug|Any CPU = Debug|Any CPU
		Release|Any CPU = Release|Any CPU
	EndGlobalSection
	GlobalSection(ProjectConfigurationPlatforms) = postSolution
		{5D0C47C3-CE86-42E5-AA1B-DA0DF062311F}.Debug|Any CPU.ActiveCfg = Debug|Any CPU
		{5D0C47C3-CE86-42E5-AA1B-DA0DF062311F}.Debug|Any CPU.Build.0 = Debug|Any CPU
		{5D0C47C3-CE86-42E5-AA1B-DA0DF062311F}.Release|Any CPU.ActiveCfg = Release|Any CPU
		{5D0C47C3-CE86-42E5-AA1B-DA0DF062311F}.Release|Any CPU.Build.0 = Release|Any CPU
	EndGlobalSection
	GlobalSection(SolutionProperties) = preSolution
		HideSolutionNode = FALSE
	EndGlobalSection
	GlobalSection(ExtensibilityGlobals) = postSolution
		SolutionGuid = {765728B1-C05F-4EDF-8CB7-DDEA51F5279B}
	EndGlobalSection
EndGlobal
